// !$*UTF8*$!
{
	archiveVersion = 1;
	classes = {
	};
	objectVersion = 55;
	objects = {

/* Begin PBXBuildFile section */
		5A666A0A536061D5656E8952 /* Pods_submission.framework in Frameworks */ = {isa = PBXBuildFile; fileRef = 95D659C95297E312D2E3FD0F /* Pods_submission.framework */; };
		BE80191828E89E8A00E09EFC /* TabBar.swift in Sources */ = {isa = PBXBuildFile; fileRef = BE80191728E89E8A00E09EFC /* TabBar.swift */; };
		BEB04050291FE4A7003B8D35 /* .swiftlint.yml in Resources */ = {isa = PBXBuildFile; fileRef = BEB0404F291FE4A7003B8D35 /* .swiftlint.yml */; };
		BECBA7EB28CDDC4E007D65C7 /* AboutViewController.swift in Sources */ = {isa = PBXBuildFile; fileRef = BECBA7EA28CDDC4E007D65C7 /* AboutViewController.swift */; };
		BECBA7ED28CDDCA7007D65C7 /* AboutRouter.swift in Sources */ = {isa = PBXBuildFile; fileRef = BECBA7EC28CDDCA7007D65C7 /* AboutRouter.swift */; };
		BECBA7EF28CDDCB1007D65C7 /* AboutProtocols.swift in Sources */ = {isa = PBXBuildFile; fileRef = BECBA7EE28CDDCB1007D65C7 /* AboutProtocols.swift */; };
		BED52D5C28EBE304009899A7 /* GameModel.xcdatamodeld in Sources */ = {isa = PBXBuildFile; fileRef = BED52D5A28EBE304009899A7 /* GameModel.xcdatamodeld */; };
		BEE9CA2328CC53E40008204A /* AppDelegate.swift in Sources */ = {isa = PBXBuildFile; fileRef = BEE9CA2228CC53E40008204A /* AppDelegate.swift */; };
		BEE9CA2528CC53E40008204A /* SceneDelegate.swift in Sources */ = {isa = PBXBuildFile; fileRef = BEE9CA2428CC53E40008204A /* SceneDelegate.swift */; };
		BEE9CA2C28CC53E50008204A /* Assets.xcassets in Resources */ = {isa = PBXBuildFile; fileRef = BEE9CA2B28CC53E50008204A /* Assets.xcassets */; };
		BEE9CA2F28CC53E50008204A /* LaunchScreen.storyboard in Resources */ = {isa = PBXBuildFile; fileRef = BEE9CA2D28CC53E50008204A /* LaunchScreen.storyboard */; };
/* End PBXBuildFile section */

/* Begin PBXFileReference section */
		75809ED35862DA053234F33F /* Pods-submission.release.xcconfig */ = {isa = PBXFileReference; includeInIndex = 1; lastKnownFileType = text.xcconfig; name = "Pods-submission.release.xcconfig"; path = "Target Support Files/Pods-submission/Pods-submission.release.xcconfig"; sourceTree = "<group>"; };
		95D659C95297E312D2E3FD0F /* Pods_submission.framework */ = {isa = PBXFileReference; explicitFileType = wrapper.framework; includeInIndex = 0; path = Pods_submission.framework; sourceTree = BUILT_PRODUCTS_DIR; };
		BDEF403B89D89545CA5F5F51 /* Pods-submission.debug.xcconfig */ = {isa = PBXFileReference; includeInIndex = 1; lastKnownFileType = text.xcconfig; name = "Pods-submission.debug.xcconfig"; path = "Target Support Files/Pods-submission/Pods-submission.debug.xcconfig"; sourceTree = "<group>"; };
		BE80191728E89E8A00E09EFC /* TabBar.swift */ = {isa = PBXFileReference; lastKnownFileType = sourcecode.swift; path = TabBar.swift; sourceTree = "<group>"; };
		BEB0404F291FE4A7003B8D35 /* .swiftlint.yml */ = {isa = PBXFileReference; lastKnownFileType = text.yaml; path = .swiftlint.yml; sourceTree = "<group>"; };
		BECBA7EA28CDDC4E007D65C7 /* AboutViewController.swift */ = {isa = PBXFileReference; lastKnownFileType = sourcecode.swift; path = AboutViewController.swift; sourceTree = "<group>"; };
		BECBA7EC28CDDCA7007D65C7 /* AboutRouter.swift */ = {isa = PBXFileReference; lastKnownFileType = sourcecode.swift; path = AboutRouter.swift; sourceTree = "<group>"; };
		BECBA7EE28CDDCB1007D65C7 /* AboutProtocols.swift */ = {isa = PBXFileReference; lastKnownFileType = sourcecode.swift; path = AboutProtocols.swift; sourceTree = "<group>"; };
		BED52D5B28EBE304009899A7 /* Game.xcdatamodel */ = {isa = PBXFileReference; lastKnownFileType = wrapper.xcdatamodel; path = Game.xcdatamodel; sourceTree = "<group>"; };
		BEE9CA1F28CC53E40008204A /* submission.app */ = {isa = PBXFileReference; explicitFileType = wrapper.application; includeInIndex = 0; path = submission.app; sourceTree = BUILT_PRODUCTS_DIR; };
		BEE9CA2228CC53E40008204A /* AppDelegate.swift */ = {isa = PBXFileReference; lastKnownFileType = sourcecode.swift; path = AppDelegate.swift; sourceTree = "<group>"; };
		BEE9CA2428CC53E40008204A /* SceneDelegate.swift */ = {isa = PBXFileReference; lastKnownFileType = sourcecode.swift; path = SceneDelegate.swift; sourceTree = "<group>"; };
		BEE9CA2B28CC53E50008204A /* Assets.xcassets */ = {isa = PBXFileReference; lastKnownFileType = folder.assetcatalog; path = Assets.xcassets; sourceTree = "<group>"; };
		BEE9CA2E28CC53E50008204A /* Base */ = {isa = PBXFileReference; lastKnownFileType = file.storyboard; name = Base; path = Base.lproj/LaunchScreen.storyboard; sourceTree = "<group>"; };
		BEE9CA3028CC53E50008204A /* Info.plist */ = {isa = PBXFileReference; lastKnownFileType = text.plist.xml; path = Info.plist; sourceTree = "<group>"; };
/* End PBXFileReference section */

/* Begin PBXFrameworksBuildPhase section */
		BEE9CA1C28CC53E40008204A /* Frameworks */ = {
			isa = PBXFrameworksBuildPhase;
			buildActionMask = 2147483647;
			files = (
				5A666A0A536061D5656E8952 /* Pods_submission.framework in Frameworks */,
			);
			runOnlyForDeploymentPostprocessing = 0;
		};
/* End PBXFrameworksBuildPhase section */

/* Begin PBXGroup section */
		5F25FDEAEA578DD660203C19 /* Pods */ = {
			isa = PBXGroup;
			children = (
				BDEF403B89D89545CA5F5F51 /* Pods-submission.debug.xcconfig */,
				75809ED35862DA053234F33F /* Pods-submission.release.xcconfig */,
			);
			path = Pods;
			sourceTree = "<group>";
		};
		8F4A668F9C6A0A7E7D69F14B /* Frameworks */ = {
			isa = PBXGroup;
			children = (
				95D659C95297E312D2E3FD0F /* Pods_submission.framework */,
			);
			name = Frameworks;
			sourceTree = "<group>";
		};
		BECBA7D628CDAB87007D65C7 /* Scene */ = {
			isa = PBXGroup;
			children = (
				BECBA7E928CDDC12007D65C7 /* About */,
				BE80191728E89E8A00E09EFC /* TabBar.swift */,
			);
			path = Scene;
			sourceTree = "<group>";
		};
		BECBA7E928CDDC12007D65C7 /* About */ = {
			isa = PBXGroup;
			children = (
				BECBA7EA28CDDC4E007D65C7 /* AboutViewController.swift */,
				BECBA7EC28CDDCA7007D65C7 /* AboutRouter.swift */,
				BECBA7EE28CDDCB1007D65C7 /* AboutProtocols.swift */,
			);
			path = About;
			sourceTree = "<group>";
		};
		BEE9CA1628CC53E40008204A = {
			isa = PBXGroup;
			children = (
				BEB0404F291FE4A7003B8D35 /* .swiftlint.yml */,
				BEE9CA2128CC53E40008204A /* submission */,
				BEE9CA2028CC53E40008204A /* Products */,
				5F25FDEAEA578DD660203C19 /* Pods */,
				8F4A668F9C6A0A7E7D69F14B /* Frameworks */,
			);
			sourceTree = "<group>";
		};
		BEE9CA2028CC53E40008204A /* Products */ = {
			isa = PBXGroup;
			children = (
				BEE9CA1F28CC53E40008204A /* submission.app */,
			);
			name = Products;
			sourceTree = "<group>";
		};
		BEE9CA2128CC53E40008204A /* submission */ = {
			isa = PBXGroup;
			children = (
				BECBA7D628CDAB87007D65C7 /* Scene */,
				BEE9CA2228CC53E40008204A /* AppDelegate.swift */,
				BEE9CA2428CC53E40008204A /* SceneDelegate.swift */,
				BEE9CA2B28CC53E50008204A /* Assets.xcassets */,
				BEE9CA2D28CC53E50008204A /* LaunchScreen.storyboard */,
				BEE9CA3028CC53E50008204A /* Info.plist */,
				BED52D5A28EBE304009899A7 /* GameModel.xcdatamodeld */,
			);
			path = submission;
			sourceTree = "<group>";
		};
/* End PBXGroup section */

/* Begin PBXNativeTarget section */
		BEE9CA1E28CC53E40008204A /* submission */ = {
			isa = PBXNativeTarget;
			buildConfigurationList = BEE9CA3328CC53E50008204A /* Build configuration list for PBXNativeTarget "submission" */;
			buildPhases = (
				85952C522C189D14322C60CB /* [CP] Check Pods Manifest.lock */,
				BEE9CA1B28CC53E40008204A /* Sources */,
				BEE9CA1C28CC53E40008204A /* Frameworks */,
				BEE9CA1D28CC53E40008204A /* Resources */,
				1B15EBC7CC67EF10B0FB2FDC /* [CP] Embed Pods Frameworks */,
				BEB0404C291FE317003B8D35 /* ShellScript */,
			);
			buildRules = (
			);
			dependencies = (
			);
			name = submission;
			productName = submission;
			productReference = BEE9CA1F28CC53E40008204A /* submission.app */;
			productType = "com.apple.product-type.application";
		};
/* End PBXNativeTarget section */

/* Begin PBXProject section */
		BEE9CA1728CC53E40008204A /* Project object */ = {
			isa = PBXProject;
			attributes = {
				BuildIndependentTargetsInParallel = 1;
				LastSwiftUpdateCheck = 1340;
				LastUpgradeCheck = 1340;
				TargetAttributes = {
					BEE9CA1E28CC53E40008204A = {
						CreatedOnToolsVersion = 13.4.1;
					};
				};
			};
			buildConfigurationList = BEE9CA1A28CC53E40008204A /* Build configuration list for PBXProject "submission" */;
			compatibilityVersion = "Xcode 13.0";
			developmentRegion = en;
			hasScannedForEncodings = 0;
			knownRegions = (
				en,
				Base,
			);
			mainGroup = BEE9CA1628CC53E40008204A;
			productRefGroup = BEE9CA2028CC53E40008204A /* Products */;
			projectDirPath = "";
			projectRoot = "";
			targets = (
				BEE9CA1E28CC53E40008204A /* submission */,
			);
		};
/* End PBXProject section */

/* Begin PBXResourcesBuildPhase section */
		BEE9CA1D28CC53E40008204A /* Resources */ = {
			isa = PBXResourcesBuildPhase;
			buildActionMask = 2147483647;
			files = (
				BEB04050291FE4A7003B8D35 /* .swiftlint.yml in Resources */,
				BEE9CA2F28CC53E50008204A /* LaunchScreen.storyboard in Resources */,
				BEE9CA2C28CC53E50008204A /* Assets.xcassets in Resources */,
			);
			runOnlyForDeploymentPostprocessing = 0;
		};
/* End PBXResourcesBuildPhase section */

/* Begin PBXShellScriptBuildPhase section */
		1B15EBC7CC67EF10B0FB2FDC /* [CP] Embed Pods Frameworks */ = {
			isa = PBXShellScriptBuildPhase;
			buildActionMask = 2147483647;
			files = (
			);
			inputFileListPaths = (
				"${PODS_ROOT}/Target Support Files/Pods-submission/Pods-submission-frameworks-${CONFIGURATION}-input-files.xcfilelist",
			);
			name = "[CP] Embed Pods Frameworks";
			outputFileListPaths = (
				"${PODS_ROOT}/Target Support Files/Pods-submission/Pods-submission-frameworks-${CONFIGURATION}-output-files.xcfilelist",
			);
			runOnlyForDeploymentPostprocessing = 0;
			shellPath = /bin/sh;
			shellScript = "\"${PODS_ROOT}/Target Support Files/Pods-submission/Pods-submission-frameworks.sh\"\n";
			showEnvVarsInLog = 0;
		};
		85952C522C189D14322C60CB /* [CP] Check Pods Manifest.lock */ = {
			isa = PBXShellScriptBuildPhase;
			buildActionMask = 2147483647;
			files = (
			);
			inputFileListPaths = (
			);
			inputPaths = (
				"${PODS_PODFILE_DIR_PATH}/Podfile.lock",
				"${PODS_ROOT}/Manifest.lock",
			);
			name = "[CP] Check Pods Manifest.lock";
			outputFileListPaths = (
			);
			outputPaths = (
				"$(DERIVED_FILE_DIR)/Pods-submission-checkManifestLockResult.txt",
			);
			runOnlyForDeploymentPostprocessing = 0;
			shellPath = /bin/sh;
			shellScript = "diff \"${PODS_PODFILE_DIR_PATH}/Podfile.lock\" \"${PODS_ROOT}/Manifest.lock\" > /dev/null\nif [ $? != 0 ] ; then\n    # print error to STDERR\n    echo \"error: The sandbox is not in sync with the Podfile.lock. Run 'pod install' or update your CocoaPods installation.\" >&2\n    exit 1\nfi\n# This output is used by Xcode 'outputs' to avoid re-running this script phase.\necho \"SUCCESS\" > \"${SCRIPT_OUTPUT_FILE_0}\"\n";
			showEnvVarsInLog = 0;
		};
		BEB0404C291FE317003B8D35 /* ShellScript */ = {
			isa = PBXShellScriptBuildPhase;
			buildActionMask = 2147483647;
			files = (
			);
			inputFileListPaths = (
			);
			inputPaths = (
			);
			outputFileListPaths = (
			);
			outputPaths = (
			);
			runOnlyForDeploymentPostprocessing = 0;
			shellPath = /bin/sh;
			shellScript = "# Type a script or drag a script file from your workspace to insert its path.\nexport PATH=\"$PATH:/opt/homebrew/bin\"\nif which swiftlint > /dev/null; then\n  swiftlint\nelse\n  echo \"warning: SwiftLint not installed, download from https://github.com/realm/SwiftLint\"\nfi\n";
		};
/* End PBXShellScriptBuildPhase section */

/* Begin PBXSourcesBuildPhase section */
		BEE9CA1B28CC53E40008204A /* Sources */ = {
			isa = PBXSourcesBuildPhase;
			buildActionMask = 2147483647;
			files = (
				BECBA7EF28CDDCB1007D65C7 /* AboutProtocols.swift in Sources */,
				BECBA7EB28CDDC4E007D65C7 /* AboutViewController.swift in Sources */,
				BEE9CA2328CC53E40008204A /* AppDelegate.swift in Sources */,
				BEE9CA2528CC53E40008204A /* SceneDelegate.swift in Sources */,
				BECBA7ED28CDDCA7007D65C7 /* AboutRouter.swift in Sources */,
				BED52D5C28EBE304009899A7 /* GameModel.xcdatamodeld in Sources */,
				BE80191828E89E8A00E09EFC /* TabBar.swift in Sources */,
			);
			runOnlyForDeploymentPostprocessing = 0;
		};
/* End PBXSourcesBuildPhase section */

/* Begin PBXVariantGroup section */
		BEE9CA2D28CC53E50008204A /* LaunchScreen.storyboard */ = {
			isa = PBXVariantGroup;
			children = (
				BEE9CA2E28CC53E50008204A /* Base */,
			);
			name = LaunchScreen.storyboard;
			sourceTree = "<group>";
		};
/* End PBXVariantGroup section */

/* Begin XCBuildConfiguration section */
		BEE9CA3128CC53E50008204A /* Debug */ = {
			isa = XCBuildConfiguration;
			buildSettings = {
				ALWAYS_SEARCH_USER_PATHS = NO;
				CLANG_ANALYZER_NONNULL = YES;
				CLANG_ANALYZER_NUMBER_OBJECT_CONVERSION = YES_AGGRESSIVE;
				CLANG_CXX_LANGUAGE_STANDARD = "gnu++17";
				CLANG_ENABLE_MODULES = YES;
				CLANG_ENABLE_OBJC_ARC = YES;
				CLANG_ENABLE_OBJC_WEAK = YES;
				CLANG_WARN_BLOCK_CAPTURE_AUTORELEASING = YES;
				CLANG_WARN_BOOL_CONVERSION = YES;
				CLANG_WARN_COMMA = YES;
				CLANG_WARN_CONSTANT_CONVERSION = YES;
				CLANG_WARN_DEPRECATED_OBJC_IMPLEMENTATIONS = YES;
				CLANG_WARN_DIRECT_OBJC_ISA_USAGE = YES_ERROR;
				CLANG_WARN_DOCUMENTATION_COMMENTS = YES;
				CLANG_WARN_EMPTY_BODY = YES;
				CLANG_WARN_ENUM_CONVERSION = YES;
				CLANG_WARN_INFINITE_RECURSION = YES;
				CLANG_WARN_INT_CONVERSION = YES;
				CLANG_WARN_NON_LITERAL_NULL_CONVERSION = YES;
				CLANG_WARN_OBJC_IMPLICIT_RETAIN_SELF = YES;
				CLANG_WARN_OBJC_LITERAL_CONVERSION = YES;
				CLANG_WARN_OBJC_ROOT_CLASS = YES_ERROR;
				CLANG_WARN_QUOTED_INCLUDE_IN_FRAMEWORK_HEADER = YES;
				CLANG_WARN_RANGE_LOOP_ANALYSIS = YES;
				CLANG_WARN_STRICT_PROTOTYPES = YES;
				CLANG_WARN_SUSPICIOUS_MOVE = YES;
				CLANG_WARN_UNGUARDED_AVAILABILITY = YES_AGGRESSIVE;
				CLANG_WARN_UNREACHABLE_CODE = YES;
				CLANG_WARN__DUPLICATE_METHOD_MATCH = YES;
				COPY_PHASE_STRIP = NO;
				DEBUG_INFORMATION_FORMAT = dwarf;
				ENABLE_STRICT_OBJC_MSGSEND = YES;
				ENABLE_TESTABILITY = YES;
				GCC_C_LANGUAGE_STANDARD = gnu11;
				GCC_DYNAMIC_NO_PIC = NO;
				GCC_NO_COMMON_BLOCKS = YES;
				GCC_OPTIMIZATION_LEVEL = 0;
				GCC_PREPROCESSOR_DEFINITIONS = (
					"DEBUG=1",
					"$(inherited)",
				);
				GCC_WARN_64_TO_32_BIT_CONVERSION = YES;
				GCC_WARN_ABOUT_RETURN_TYPE = YES_ERROR;
				GCC_WARN_UNDECLARED_SELECTOR = YES;
				GCC_WARN_UNINITIALIZED_AUTOS = YES_AGGRESSIVE;
				GCC_WARN_UNUSED_FUNCTION = YES;
				GCC_WARN_UNUSED_VARIABLE = YES;
				IPHONEOS_DEPLOYMENT_TARGET = 13.0;
				MTL_ENABLE_DEBUG_INFO = INCLUDE_SOURCE;
				MTL_FAST_MATH = YES;
				ONLY_ACTIVE_ARCH = YES;
				SDKROOT = iphoneos;
				SWIFT_ACTIVE_COMPILATION_CONDITIONS = DEBUG;
				SWIFT_OPTIMIZATION_LEVEL = "-Onone";
			};
			name = Debug;
		};
		BEE9CA3228CC53E50008204A /* Release */ = {
			isa = XCBuildConfiguration;
			buildSettings = {
				ALWAYS_SEARCH_USER_PATHS = NO;
				CLANG_ANALYZER_NONNULL = YES;
				CLANG_ANALYZER_NUMBER_OBJECT_CONVERSION = YES_AGGRESSIVE;
				CLANG_CXX_LANGUAGE_STANDARD = "gnu++17";
				CLANG_ENABLE_MODULES = YES;
				CLANG_ENABLE_OBJC_ARC = YES;
				CLANG_ENABLE_OBJC_WEAK = YES;
				CLANG_WARN_BLOCK_CAPTURE_AUTORELEASING = YES;
				CLANG_WARN_BOOL_CONVERSION = YES;
				CLANG_WARN_COMMA = YES;
				CLANG_WARN_CONSTANT_CONVERSION = YES;
				CLANG_WARN_DEPRECATED_OBJC_IMPLEMENTATIONS = YES;
				CLANG_WARN_DIRECT_OBJC_ISA_USAGE = YES_ERROR;
				CLANG_WARN_DOCUMENTATION_COMMENTS = YES;
				CLANG_WARN_EMPTY_BODY = YES;
				CLANG_WARN_ENUM_CONVERSION = YES;
				CLANG_WARN_INFINITE_RECURSION = YES;
				CLANG_WARN_INT_CONVERSION = YES;
				CLANG_WARN_NON_LITERAL_NULL_CONVERSION = YES;
				CLANG_WARN_OBJC_IMPLICIT_RETAIN_SELF = YES;
				CLANG_WARN_OBJC_LITERAL_CONVERSION = YES;
				CLANG_WARN_OBJC_ROOT_CLASS = YES_ERROR;
				CLANG_WARN_QUOTED_INCLUDE_IN_FRAMEWORK_HEADER = YES;
				CLANG_WARN_RANGE_LOOP_ANALYSIS = YES;
				CLANG_WARN_STRICT_PROTOTYPES = YES;
				CLANG_WARN_SUSPICIOUS_MOVE = YES;
				CLANG_WARN_UNGUARDED_AVAILABILITY = YES_AGGRESSIVE;
				CLANG_WARN_UNREACHABLE_CODE = YES;
				CLANG_WARN__DUPLICATE_METHOD_MATCH = YES;
				COPY_PHASE_STRIP = NO;
				DEBUG_INFORMATION_FORMAT = "dwarf-with-dsym";
				ENABLE_NS_ASSERTIONS = NO;
				ENABLE_STRICT_OBJC_MSGSEND = YES;
				GCC_C_LANGUAGE_STANDARD = gnu11;
				GCC_NO_COMMON_BLOCKS = YES;
				GCC_WARN_64_TO_32_BIT_CONVERSION = YES;
				GCC_WARN_ABOUT_RETURN_TYPE = YES_ERROR;
				GCC_WARN_UNDECLARED_SELECTOR = YES;
				GCC_WARN_UNINITIALIZED_AUTOS = YES_AGGRESSIVE;
				GCC_WARN_UNUSED_FUNCTION = YES;
				GCC_WARN_UNUSED_VARIABLE = YES;
				IPHONEOS_DEPLOYMENT_TARGET = 13.0;
				MTL_ENABLE_DEBUG_INFO = NO;
				MTL_FAST_MATH = YES;
				SDKROOT = iphoneos;
				SWIFT_COMPILATION_MODE = wholemodule;
				SWIFT_OPTIMIZATION_LEVEL = "-O";
				VALIDATE_PRODUCT = YES;
			};
			name = Release;
		};
		BEE9CA3428CC53E50008204A /* Debug */ = {
			isa = XCBuildConfiguration;
			baseConfigurationReference = BDEF403B89D89545CA5F5F51 /* Pods-submission.debug.xcconfig */;
			buildSettings = {
				ASSETCATALOG_COMPILER_APPICON_NAME = AppIcon;
				ASSETCATALOG_COMPILER_GLOBAL_ACCENT_COLOR_NAME = AccentColor;
				CODE_SIGN_STYLE = Automatic;
				CURRENT_PROJECT_VERSION = 1;
				DEVELOPMENT_TEAM = CRTWBB8VU3;
				GENERATE_INFOPLIST_FILE = YES;
				INFOPLIST_FILE = submission/Info.plist;
				INFOPLIST_KEY_CFBundleDisplayName = Submission;
				INFOPLIST_KEY_UIApplicationSupportsIndirectInputEvents = YES;
				INFOPLIST_KEY_UILaunchStoryboardName = LaunchScreen;
				INFOPLIST_KEY_UISupportedInterfaceOrientations = UIInterfaceOrientationPortrait;
				INFOPLIST_KEY_UISupportedInterfaceOrientations_iPhone = UIInterfaceOrientationPortrait;
				INFOPLIST_KEY_UIUserInterfaceStyle = Light;
				LD_RUNPATH_SEARCH_PATHS = (
					"$(inherited)",
					"@executable_path/Frameworks",
				);
				MARKETING_VERSION = 1.0;
				PRODUCT_BUNDLE_IDENTIFIER = id.aderesie.submission;
				PRODUCT_NAME = "$(TARGET_NAME)";
				SWIFT_EMIT_LOC_STRINGS = YES;
				SWIFT_VERSION = 5.0;
				TARGETED_DEVICE_FAMILY = 1;
			};
			name = Debug;
		};
		BEE9CA3528CC53E50008204A /* Release */ = {
			isa = XCBuildConfiguration;
			baseConfigurationReference = 75809ED35862DA053234F33F /* Pods-submission.release.xcconfig */;
			buildSettings = {
				ASSETCATALOG_COMPILER_APPICON_NAME = AppIcon;
				ASSETCATALOG_COMPILER_GLOBAL_ACCENT_COLOR_NAME = AccentColor;
				CODE_SIGN_STYLE = Automatic;
				CURRENT_PROJECT_VERSION = 1;
				DEVELOPMENT_TEAM = CRTWBB8VU3;
				GENERATE_INFOPLIST_FILE = YES;
				INFOPLIST_FILE = submission/Info.plist;
				INFOPLIST_KEY_CFBundleDisplayName = Submission;
				INFOPLIST_KEY_UIApplicationSupportsIndirectInputEvents = YES;
				INFOPLIST_KEY_UILaunchStoryboardName = LaunchScreen;
				INFOPLIST_KEY_UISupportedInterfaceOrientations = UIInterfaceOrientationPortrait;
				INFOPLIST_KEY_UISupportedInterfaceOrientations_iPhone = UIInterfaceOrientationPortrait;
				INFOPLIST_KEY_UIUserInterfaceStyle = Light;
				LD_RUNPATH_SEARCH_PATHS = (
					"$(inherited)",
					"@executable_path/Frameworks",
				);
				MARKETING_VERSION = 1.0;
				PRODUCT_BUNDLE_IDENTIFIER = id.aderesie.submission;
				PRODUCT_NAME = "$(TARGET_NAME)";
				SWIFT_EMIT_LOC_STRINGS = YES;
				SWIFT_VERSION = 5.0;
				TARGETED_DEVICE_FAMILY = 1;
			};
			name = Release;
		};
/* End XCBuildConfiguration section */

/* Begin XCConfigurationList section */
		BEE9CA1A28CC53E40008204A /* Build configuration list for PBXProject "submission" */ = {
			isa = XCConfigurationList;
			buildConfigurations = (
				BEE9CA3128CC53E50008204A /* Debug */,
				BEE9CA3228CC53E50008204A /* Release */,
			);
			defaultConfigurationIsVisible = 0;
			defaultConfigurationName = Release;
		};
		BEE9CA3328CC53E50008204A /* Build configuration list for PBXNativeTarget "submission" */ = {
			isa = XCConfigurationList;
			buildConfigurations = (
				BEE9CA3428CC53E50008204A /* Debug */,
				BEE9CA3528CC53E50008204A /* Release */,
			);
			defaultConfigurationIsVisible = 0;
			defaultConfigurationName = Release;
		};
/* End XCConfigurationList section */

/* Begin XCVersionGroup section */
		BED52D5A28EBE304009899A7 /* GameModel.xcdatamodeld */ = {
			isa = XCVersionGroup;
			children = (
				BED52D5B28EBE304009899A7 /* Game.xcdatamodel */,
			);
			currentVersion = BED52D5B28EBE304009899A7 /* Game.xcdatamodel */;
			path = GameModel.xcdatamodeld;
			sourceTree = "<group>";
			versionGroupType = wrapper.xcdatamodel;
		};
/* End XCVersionGroup section */
	};
	rootObject = BEE9CA1728CC53E40008204A /* Project object */;
}
