// !$*UTF8*$!
{
	archiveVersion = 1;
	classes = {
	};
	objectVersion = 55;
	objects = {

/* Begin PBXBuildFile section */
		5A666A0A536061D5656E8952 /* Pods_submission.framework in Frameworks */ = {isa = PBXBuildFile; fileRef = 95D659C95297E312D2E3FD0F /* Pods_submission.framework */; };
		BE1F61C128D5B8BA007CF985 /* DetailViewController.swift in Sources */ = {isa = PBXBuildFile; fileRef = BE1F61C028D5B8BA007CF985 /* DetailViewController.swift */; };
		BE1F61C328D5B8F0007CF985 /* DetailPresenter.swift in Sources */ = {isa = PBXBuildFile; fileRef = BE1F61C228D5B8F0007CF985 /* DetailPresenter.swift */; };
		BE1F61C528D5B8F9007CF985 /* DetailProtocols.swift in Sources */ = {isa = PBXBuildFile; fileRef = BE1F61C428D5B8F9007CF985 /* DetailProtocols.swift */; };
		BE1F61C728D5C655007CF985 /* Enums.swift in Sources */ = {isa = PBXBuildFile; fileRef = BE1F61C628D5C655007CF985 /* Enums.swift */; };
		BE1F61C928D7545D007CF985 /* DetailInteractor.swift in Sources */ = {isa = PBXBuildFile; fileRef = BE1F61C828D7545D007CF985 /* DetailInteractor.swift */; };
		BE1F61CB28D75470007CF985 /* DetailRouter.swift in Sources */ = {isa = PBXBuildFile; fileRef = BE1F61CA28D75470007CF985 /* DetailRouter.swift */; };
		BE46482D291268DB00C9966C /* FavoriteButton.swift in Sources */ = {isa = PBXBuildFile; fileRef = BE46482C291268DB00C9966C /* FavoriteButton.swift */; };
		BE4648302913680200C9966C /* TextfieldBottomSheet.swift in Sources */ = {isa = PBXBuildFile; fileRef = BE46482F2913680200C9966C /* TextfieldBottomSheet.swift */; };
		BE464832291368A800C9966C /* Prefs.swift in Sources */ = {isa = PBXBuildFile; fileRef = BE464831291368A800C9966C /* Prefs.swift */; };
		BE592F172941E6570092C426 /* Injection.swift in Sources */ = {isa = PBXBuildFile; fileRef = BE592F162941E6570092C426 /* Injection.swift */; };
		BE80191828E89E8A00E09EFC /* TabBar.swift in Sources */ = {isa = PBXBuildFile; fileRef = BE80191728E89E8A00E09EFC /* TabBar.swift */; };
		BE8ECA802933A1F900BEE494 /* LocalDataSource.swift in Sources */ = {isa = PBXBuildFile; fileRef = BE8ECA7F2933A1F800BEE494 /* LocalDataSource.swift */; };
		BE8ECA822933A20A00BEE494 /* RemoteDataSource.swift in Sources */ = {isa = PBXBuildFile; fileRef = BE8ECA812933A20A00BEE494 /* RemoteDataSource.swift */; };
		BE8ECA842933B14800BEE494 /* GameRepository.swift in Sources */ = {isa = PBXBuildFile; fileRef = BE8ECA832933B14800BEE494 /* GameRepository.swift */; };
		BEB04050291FE4A7003B8D35 /* .swiftlint.yml in Resources */ = {isa = PBXBuildFile; fileRef = BEB0404F291FE4A7003B8D35 /* .swiftlint.yml */; };
		BEC8156828F93142001400E8 /* GameCoreData.swift in Sources */ = {isa = PBXBuildFile; fileRef = BEC8156728F93142001400E8 /* GameCoreData.swift */; };
		BECBA7CE28CDA907007D65C7 /* Constants.swift in Sources */ = {isa = PBXBuildFile; fileRef = BECBA7CD28CDA907007D65C7 /* Constants.swift */; };
		BECBA7D028CDA9A6007D65C7 /* BasicViewProtocol.swift in Sources */ = {isa = PBXBuildFile; fileRef = BECBA7CF28CDA9A6007D65C7 /* BasicViewProtocol.swift */; };
		BECBA7D528CDAA3E007D65C7 /* Extensions.swift in Sources */ = {isa = PBXBuildFile; fileRef = BECBA7D428CDAA3E007D65C7 /* Extensions.swift */; };
		BECBA7D928CDABA5007D65C7 /* HomeProtocols.swift in Sources */ = {isa = PBXBuildFile; fileRef = BECBA7D828CDABA5007D65C7 /* HomeProtocols.swift */; };
		BECBA7DC28CDAC21007D65C7 /* BaseResponse.swift in Sources */ = {isa = PBXBuildFile; fileRef = BECBA7DB28CDAC21007D65C7 /* BaseResponse.swift */; };
		BECBA7DE28CDAD63007D65C7 /* Game.swift in Sources */ = {isa = PBXBuildFile; fileRef = BECBA7DD28CDAD63007D65C7 /* Game.swift */; };
		BECBA7E028CDB4FC007D65C7 /* HomeViewController.swift in Sources */ = {isa = PBXBuildFile; fileRef = BECBA7DF28CDB4FC007D65C7 /* HomeViewController.swift */; };
		BECBA7E228CDB593007D65C7 /* HomeInteractor.swift in Sources */ = {isa = PBXBuildFile; fileRef = BECBA7E128CDB593007D65C7 /* HomeInteractor.swift */; };
		BECBA7E428CDB5B8007D65C7 /* HomePresenter.swift in Sources */ = {isa = PBXBuildFile; fileRef = BECBA7E328CDB5B8007D65C7 /* HomePresenter.swift */; };
		BECBA7E628CDB60B007D65C7 /* HomeRouter.swift in Sources */ = {isa = PBXBuildFile; fileRef = BECBA7E528CDB60B007D65C7 /* HomeRouter.swift */; };
		BECBA7E828CDC5FF007D65C7 /* HomeTableViewCell.swift in Sources */ = {isa = PBXBuildFile; fileRef = BECBA7E728CDC5FF007D65C7 /* HomeTableViewCell.swift */; };
		BECBA7EB28CDDC4E007D65C7 /* AboutViewController.swift in Sources */ = {isa = PBXBuildFile; fileRef = BECBA7EA28CDDC4E007D65C7 /* AboutViewController.swift */; };
		BECBA7ED28CDDCA7007D65C7 /* AboutRouter.swift in Sources */ = {isa = PBXBuildFile; fileRef = BECBA7EC28CDDCA7007D65C7 /* AboutRouter.swift */; };
		BECBA7EF28CDDCB1007D65C7 /* AboutProtocols.swift in Sources */ = {isa = PBXBuildFile; fileRef = BECBA7EE28CDDCB1007D65C7 /* AboutProtocols.swift */; };
		BED52D5C28EBE304009899A7 /* GameModel.xcdatamodeld in Sources */ = {isa = PBXBuildFile; fileRef = BED52D5A28EBE304009899A7 /* GameModel.xcdatamodeld */; };
		BEE17C62294AAD8A0037E8BB /* GameEntity.swift in Sources */ = {isa = PBXBuildFile; fileRef = BEE17C61294AAD8A0037E8BB /* GameEntity.swift */; };
		BEE17C65294C78EF0037E8BB /* GameModel.swift in Sources */ = {isa = PBXBuildFile; fileRef = BEE17C64294C78EF0037E8BB /* GameModel.swift */; };
		BEE17C67294C8FAC0037E8BB /* Mapper.swift in Sources */ = {isa = PBXBuildFile; fileRef = BEE17C66294C8FAC0037E8BB /* Mapper.swift */; };
		BEE9CA2328CC53E40008204A /* AppDelegate.swift in Sources */ = {isa = PBXBuildFile; fileRef = BEE9CA2228CC53E40008204A /* AppDelegate.swift */; };
		BEE9CA2528CC53E40008204A /* SceneDelegate.swift in Sources */ = {isa = PBXBuildFile; fileRef = BEE9CA2428CC53E40008204A /* SceneDelegate.swift */; };
		BEE9CA2C28CC53E50008204A /* Assets.xcassets in Resources */ = {isa = PBXBuildFile; fileRef = BEE9CA2B28CC53E50008204A /* Assets.xcassets */; };
		BEE9CA2F28CC53E50008204A /* LaunchScreen.storyboard in Resources */ = {isa = PBXBuildFile; fileRef = BEE9CA2D28CC53E50008204A /* LaunchScreen.storyboard */; };
/* End PBXBuildFile section */

/* Begin PBXFileReference section */
		75809ED35862DA053234F33F /* Pods-submission.release.xcconfig */ = {isa = PBXFileReference; includeInIndex = 1; lastKnownFileType = text.xcconfig; name = "Pods-submission.release.xcconfig"; path = "Target Support Files/Pods-submission/Pods-submission.release.xcconfig"; sourceTree = "<group>"; };
		95D659C95297E312D2E3FD0F /* Pods_submission.framework */ = {isa = PBXFileReference; explicitFileType = wrapper.framework; includeInIndex = 0; path = Pods_submission.framework; sourceTree = BUILT_PRODUCTS_DIR; };
		BDEF403B89D89545CA5F5F51 /* Pods-submission.debug.xcconfig */ = {isa = PBXFileReference; includeInIndex = 1; lastKnownFileType = text.xcconfig; name = "Pods-submission.debug.xcconfig"; path = "Target Support Files/Pods-submission/Pods-submission.debug.xcconfig"; sourceTree = "<group>"; };
		BE1F61C028D5B8BA007CF985 /* DetailViewController.swift */ = {isa = PBXFileReference; lastKnownFileType = sourcecode.swift; path = DetailViewController.swift; sourceTree = "<group>"; };
		BE1F61C228D5B8F0007CF985 /* DetailPresenter.swift */ = {isa = PBXFileReference; lastKnownFileType = sourcecode.swift; path = DetailPresenter.swift; sourceTree = "<group>"; };
		BE1F61C428D5B8F9007CF985 /* DetailProtocols.swift */ = {isa = PBXFileReference; lastKnownFileType = sourcecode.swift; path = DetailProtocols.swift; sourceTree = "<group>"; };
		BE1F61C628D5C655007CF985 /* Enums.swift */ = {isa = PBXFileReference; lastKnownFileType = sourcecode.swift; path = Enums.swift; sourceTree = "<group>"; };
		BE1F61C828D7545D007CF985 /* DetailInteractor.swift */ = {isa = PBXFileReference; lastKnownFileType = sourcecode.swift; path = DetailInteractor.swift; sourceTree = "<group>"; };
		BE1F61CA28D75470007CF985 /* DetailRouter.swift */ = {isa = PBXFileReference; lastKnownFileType = sourcecode.swift; path = DetailRouter.swift; sourceTree = "<group>"; };
		BE46482C291268DB00C9966C /* FavoriteButton.swift */ = {isa = PBXFileReference; lastKnownFileType = sourcecode.swift; path = FavoriteButton.swift; sourceTree = "<group>"; };
		BE46482F2913680200C9966C /* TextfieldBottomSheet.swift */ = {isa = PBXFileReference; lastKnownFileType = sourcecode.swift; path = TextfieldBottomSheet.swift; sourceTree = "<group>"; };
		BE464831291368A800C9966C /* Prefs.swift */ = {isa = PBXFileReference; lastKnownFileType = sourcecode.swift; path = Prefs.swift; sourceTree = "<group>"; };
		BE592F162941E6570092C426 /* Injection.swift */ = {isa = PBXFileReference; lastKnownFileType = sourcecode.swift; path = Injection.swift; sourceTree = "<group>"; };
		BE80191728E89E8A00E09EFC /* TabBar.swift */ = {isa = PBXFileReference; lastKnownFileType = sourcecode.swift; path = TabBar.swift; sourceTree = "<group>"; };
		BE8ECA7F2933A1F800BEE494 /* LocalDataSource.swift */ = {isa = PBXFileReference; lastKnownFileType = sourcecode.swift; path = LocalDataSource.swift; sourceTree = "<group>"; };
		BE8ECA812933A20A00BEE494 /* RemoteDataSource.swift */ = {isa = PBXFileReference; lastKnownFileType = sourcecode.swift; path = RemoteDataSource.swift; sourceTree = "<group>"; };
		BE8ECA832933B14800BEE494 /* GameRepository.swift */ = {isa = PBXFileReference; lastKnownFileType = sourcecode.swift; path = GameRepository.swift; sourceTree = "<group>"; };
		BEB0404F291FE4A7003B8D35 /* .swiftlint.yml */ = {isa = PBXFileReference; lastKnownFileType = text.yaml; path = .swiftlint.yml; sourceTree = "<group>"; };
		BEC8156728F93142001400E8 /* GameCoreData.swift */ = {isa = PBXFileReference; lastKnownFileType = sourcecode.swift; path = GameCoreData.swift; sourceTree = "<group>"; };
		BECBA7CD28CDA907007D65C7 /* Constants.swift */ = {isa = PBXFileReference; lastKnownFileType = sourcecode.swift; path = Constants.swift; sourceTree = "<group>"; };
		BECBA7CF28CDA9A6007D65C7 /* BasicViewProtocol.swift */ = {isa = PBXFileReference; lastKnownFileType = sourcecode.swift; path = BasicViewProtocol.swift; sourceTree = "<group>"; };
		BECBA7D428CDAA3E007D65C7 /* Extensions.swift */ = {isa = PBXFileReference; lastKnownFileType = sourcecode.swift; path = Extensions.swift; sourceTree = "<group>"; };
		BECBA7D828CDABA5007D65C7 /* HomeProtocols.swift */ = {isa = PBXFileReference; lastKnownFileType = sourcecode.swift; path = HomeProtocols.swift; sourceTree = "<group>"; };
		BECBA7DB28CDAC21007D65C7 /* BaseResponse.swift */ = {isa = PBXFileReference; lastKnownFileType = sourcecode.swift; path = BaseResponse.swift; sourceTree = "<group>"; };
		BECBA7DD28CDAD63007D65C7 /* Game.swift */ = {isa = PBXFileReference; lastKnownFileType = sourcecode.swift; path = Game.swift; sourceTree = "<group>"; };
		BECBA7DF28CDB4FC007D65C7 /* HomeViewController.swift */ = {isa = PBXFileReference; lastKnownFileType = sourcecode.swift; path = HomeViewController.swift; sourceTree = "<group>"; };
		BECBA7E128CDB593007D65C7 /* HomeInteractor.swift */ = {isa = PBXFileReference; lastKnownFileType = sourcecode.swift; path = HomeInteractor.swift; sourceTree = "<group>"; };
		BECBA7E328CDB5B8007D65C7 /* HomePresenter.swift */ = {isa = PBXFileReference; lastKnownFileType = sourcecode.swift; path = HomePresenter.swift; sourceTree = "<group>"; };
		BECBA7E528CDB60B007D65C7 /* HomeRouter.swift */ = {isa = PBXFileReference; lastKnownFileType = sourcecode.swift; path = HomeRouter.swift; sourceTree = "<group>"; };
		BECBA7E728CDC5FF007D65C7 /* HomeTableViewCell.swift */ = {isa = PBXFileReference; lastKnownFileType = sourcecode.swift; path = HomeTableViewCell.swift; sourceTree = "<group>"; };
		BECBA7EA28CDDC4E007D65C7 /* AboutViewController.swift */ = {isa = PBXFileReference; lastKnownFileType = sourcecode.swift; path = AboutViewController.swift; sourceTree = "<group>"; };
		BECBA7EC28CDDCA7007D65C7 /* AboutRouter.swift */ = {isa = PBXFileReference; lastKnownFileType = sourcecode.swift; path = AboutRouter.swift; sourceTree = "<group>"; };
		BECBA7EE28CDDCB1007D65C7 /* AboutProtocols.swift */ = {isa = PBXFileReference; lastKnownFileType = sourcecode.swift; path = AboutProtocols.swift; sourceTree = "<group>"; };
		BED52D5B28EBE304009899A7 /* Game.xcdatamodel */ = {isa = PBXFileReference; lastKnownFileType = wrapper.xcdatamodel; path = Game.xcdatamodel; sourceTree = "<group>"; };
		BEE17C61294AAD8A0037E8BB /* GameEntity.swift */ = {isa = PBXFileReference; lastKnownFileType = sourcecode.swift; path = GameEntity.swift; sourceTree = "<group>"; };
		BEE17C64294C78EF0037E8BB /* GameModel.swift */ = {isa = PBXFileReference; lastKnownFileType = sourcecode.swift; path = GameModel.swift; sourceTree = "<group>"; };
		BEE17C66294C8FAC0037E8BB /* Mapper.swift */ = {isa = PBXFileReference; lastKnownFileType = sourcecode.swift; path = Mapper.swift; sourceTree = "<group>"; };
		BEE9CA1F28CC53E40008204A /* submission.app */ = {isa = PBXFileReference; explicitFileType = wrapper.application; includeInIndex = 0; path = submission.app; sourceTree = BUILT_PRODUCTS_DIR; };
		BEE9CA2228CC53E40008204A /* AppDelegate.swift */ = {isa = PBXFileReference; lastKnownFileType = sourcecode.swift; path = AppDelegate.swift; sourceTree = "<group>"; };
		BEE9CA2428CC53E40008204A /* SceneDelegate.swift */ = {isa = PBXFileReference; lastKnownFileType = sourcecode.swift; path = SceneDelegate.swift; sourceTree = "<group>"; };
		BEE9CA2B28CC53E50008204A /* Assets.xcassets */ = {isa = PBXFileReference; lastKnownFileType = folder.assetcatalog; path = Assets.xcassets; sourceTree = "<group>"; };
		BEE9CA2E28CC53E50008204A /* Base */ = {isa = PBXFileReference; lastKnownFileType = file.storyboard; name = Base; path = Base.lproj/LaunchScreen.storyboard; sourceTree = "<group>"; };
		BEE9CA3028CC53E50008204A /* Info.plist */ = {isa = PBXFileReference; lastKnownFileType = text.plist.xml; path = Info.plist; sourceTree = "<group>"; };
/* End PBXFileReference section */

/* Begin PBXFrameworksBuildPhase section */
		BEE9CA1C28CC53E40008204A /* Frameworks */ = {
			isa = PBXFrameworksBuildPhase;
			buildActionMask = 2147483647;
			files = (
				5A666A0A536061D5656E8952 /* Pods_submission.framework in Frameworks */,
			);
			runOnlyForDeploymentPostprocessing = 0;
		};
/* End PBXFrameworksBuildPhase section */

/* Begin PBXGroup section */
		5F25FDEAEA578DD660203C19 /* Pods */ = {
			isa = PBXGroup;
			children = (
				BDEF403B89D89545CA5F5F51 /* Pods-submission.debug.xcconfig */,
				75809ED35862DA053234F33F /* Pods-submission.release.xcconfig */,
			);
			path = Pods;
			sourceTree = "<group>";
		};
		8F4A668F9C6A0A7E7D69F14B /* Frameworks */ = {
			isa = PBXGroup;
			children = (
				95D659C95297E312D2E3FD0F /* Pods_submission.framework */,
			);
			name = Frameworks;
			sourceTree = "<group>";
		};
		BE1F61BC28D57DFD007CF985 /* Cells */ = {
			isa = PBXGroup;
			children = (
				BECBA7E728CDC5FF007D65C7 /* HomeTableViewCell.swift */,
			);
			path = Cells;
			sourceTree = "<group>";
		};
		BE1F61BF28D5B8A5007CF985 /* Detail */ = {
			isa = PBXGroup;
			children = (
				BE1F61C028D5B8BA007CF985 /* DetailViewController.swift */,
				BE1F61C228D5B8F0007CF985 /* DetailPresenter.swift */,
				BE1F61C428D5B8F9007CF985 /* DetailProtocols.swift */,
				BE1F61C828D7545D007CF985 /* DetailInteractor.swift */,
				BE1F61CA28D75470007CF985 /* DetailRouter.swift */,
			);
			path = Detail;
			sourceTree = "<group>";
		};
		BE46482E291367BE00C9966C /* Bottom Sheet */ = {
			isa = PBXGroup;
			children = (
				BE46482F2913680200C9966C /* TextfieldBottomSheet.swift */,
			);
			path = "Bottom Sheet";
			sourceTree = "<group>";
		};
		BE8ECA7E2933A1E300BEE494 /* Repository */ = {
			isa = PBXGroup;
			children = (
				BE8ECA7F2933A1F800BEE494 /* LocalDataSource.swift */,
				BE8ECA812933A20A00BEE494 /* RemoteDataSource.swift */,
				BE8ECA832933B14800BEE494 /* GameRepository.swift */,
			);
			path = Repository;
			sourceTree = "<group>";
		};
		BECBA7CC28CDA861007D65C7 /* Utilities */ = {
			isa = PBXGroup;
			children = (
				BECBA7CD28CDA907007D65C7 /* Constants.swift */,
				BECBA7CF28CDA9A6007D65C7 /* BasicViewProtocol.swift */,
				BECBA7D428CDAA3E007D65C7 /* Extensions.swift */,
				BE1F61C628D5C655007CF985 /* Enums.swift */,
				BEC8156728F93142001400E8 /* GameCoreData.swift */,
				BE464831291368A800C9966C /* Prefs.swift */,
				BE592F162941E6570092C426 /* Injection.swift */,
				BEE17C66294C8FAC0037E8BB /* Mapper.swift */,
			);
			path = Utilities;
			sourceTree = "<group>";
		};
		BECBA7D628CDAB87007D65C7 /* Scene */ = {
			isa = PBXGroup;
			children = (
				BE46482E291367BE00C9966C /* Bottom Sheet */,
				BE1F61BF28D5B8A5007CF985 /* Detail */,
				BECBA7E928CDDC12007D65C7 /* About */,
				BECBA7D728CDAB92007D65C7 /* Home */,
				BE80191728E89E8A00E09EFC /* TabBar.swift */,
			);
			path = Scene;
			sourceTree = "<group>";
		};
		BECBA7D728CDAB92007D65C7 /* Home */ = {
			isa = PBXGroup;
			children = (
				BE1F61BC28D57DFD007CF985 /* Cells */,
				BECBA7D828CDABA5007D65C7 /* HomeProtocols.swift */,
				BECBA7DF28CDB4FC007D65C7 /* HomeViewController.swift */,
				BECBA7E128CDB593007D65C7 /* HomeInteractor.swift */,
				BECBA7E328CDB5B8007D65C7 /* HomePresenter.swift */,
				BECBA7E528CDB60B007D65C7 /* HomeRouter.swift */,
				BE46482C291268DB00C9966C /* FavoriteButton.swift */,
			);
			path = Home;
			sourceTree = "<group>";
		};
		BECBA7DA28CDABE7007D65C7 /* Responses */ = {
			isa = PBXGroup;
			children = (
				BECBA7DB28CDAC21007D65C7 /* BaseResponse.swift */,
				BECBA7DD28CDAD63007D65C7 /* Game.swift */,
			);
			path = Responses;
			sourceTree = "<group>";
		};
		BECBA7E928CDDC12007D65C7 /* About */ = {
			isa = PBXGroup;
			children = (
				BECBA7EA28CDDC4E007D65C7 /* AboutViewController.swift */,
				BECBA7EC28CDDCA7007D65C7 /* AboutRouter.swift */,
				BECBA7EE28CDDCB1007D65C7 /* AboutProtocols.swift */,
			);
			path = About;
			sourceTree = "<group>";
		};
		BEE17C60294A35A20037E8BB /* Entities */ = {
			isa = PBXGroup;
			children = (
				BEE17C61294AAD8A0037E8BB /* GameEntity.swift */,
			);
			path = Entities;
			sourceTree = "<group>";
		};
		BEE17C63294C75E10037E8BB /* Domain */ = {
			isa = PBXGroup;
			children = (
				BEE17C64294C78EF0037E8BB /* GameModel.swift */,
			);
			path = Domain;
			sourceTree = "<group>";
		};
		BEE9CA1628CC53E40008204A = {
			isa = PBXGroup;
			children = (
				BEB0404F291FE4A7003B8D35 /* .swiftlint.yml */,
				BEE9CA2128CC53E40008204A /* submission */,
				BEE9CA2028CC53E40008204A /* Products */,
				5F25FDEAEA578DD660203C19 /* Pods */,
				8F4A668F9C6A0A7E7D69F14B /* Frameworks */,
			);
			sourceTree = "<group>";
		};
		BEE9CA2028CC53E40008204A /* Products */ = {
			isa = PBXGroup;
			children = (
				BEE9CA1F28CC53E40008204A /* submission.app */,
			);
			name = Products;
			sourceTree = "<group>";
		};
		BEE9CA2128CC53E40008204A /* submission */ = {
			isa = PBXGroup;
			children = (
				BEE17C63294C75E10037E8BB /* Domain */,
				BEE17C60294A35A20037E8BB /* Entities */,
				BE8ECA7E2933A1E300BEE494 /* Repository */,
				BECBA7DA28CDABE7007D65C7 /* Responses */,
				BECBA7D628CDAB87007D65C7 /* Scene */,
				BECBA7CC28CDA861007D65C7 /* Utilities */,
				BEE9CA2228CC53E40008204A /* AppDelegate.swift */,
				BEE9CA2428CC53E40008204A /* SceneDelegate.swift */,
				BEE9CA2B28CC53E50008204A /* Assets.xcassets */,
				BEE9CA2D28CC53E50008204A /* LaunchScreen.storyboard */,
				BEE9CA3028CC53E50008204A /* Info.plist */,
				BED52D5A28EBE304009899A7 /* GameModel.xcdatamodeld */,
			);
			path = submission;
			sourceTree = "<group>";
		};
/* End PBXGroup section */

/* Begin PBXNativeTarget section */
		BEE9CA1E28CC53E40008204A /* submission */ = {
			isa = PBXNativeTarget;
			buildConfigurationList = BEE9CA3328CC53E50008204A /* Build configuration list for PBXNativeTarget "submission" */;
			buildPhases = (
				85952C522C189D14322C60CB /* [CP] Check Pods Manifest.lock */,
				BEE9CA1B28CC53E40008204A /* Sources */,
				BEE9CA1C28CC53E40008204A /* Frameworks */,
				BEE9CA1D28CC53E40008204A /* Resources */,
				1B15EBC7CC67EF10B0FB2FDC /* [CP] Embed Pods Frameworks */,
				BEB0404C291FE317003B8D35 /* ShellScript */,
			);
			buildRules = (
			);
			dependencies = (
			);
			name = submission;
			productName = submission;
			productReference = BEE9CA1F28CC53E40008204A /* submission.app */;
			productType = "com.apple.product-type.application";
		};
/* End PBXNativeTarget section */

/* Begin PBXProject section */
		BEE9CA1728CC53E40008204A /* Project object */ = {
			isa = PBXProject;
			attributes = {
				BuildIndependentTargetsInParallel = 1;
				LastSwiftUpdateCheck = 1340;
				LastUpgradeCheck = 1340;
				TargetAttributes = {
					BEE9CA1E28CC53E40008204A = {
						CreatedOnToolsVersion = 13.4.1;
					};
				};
			};
			buildConfigurationList = BEE9CA1A28CC53E40008204A /* Build configuration list for PBXProject "submission" */;
			compatibilityVersion = "Xcode 13.0";
			developmentRegion = en;
			hasScannedForEncodings = 0;
			knownRegions = (
				en,
				Base,
			);
			mainGroup = BEE9CA1628CC53E40008204A;
			productRefGroup = BEE9CA2028CC53E40008204A /* Products */;
			projectDirPath = "";
			projectRoot = "";
			targets = (
				BEE9CA1E28CC53E40008204A /* submission */,
			);
		};
/* End PBXProject section */

/* Begin PBXResourcesBuildPhase section */
		BEE9CA1D28CC53E40008204A /* Resources */ = {
			isa = PBXResourcesBuildPhase;
			buildActionMask = 2147483647;
			files = (
				BEB04050291FE4A7003B8D35 /* .swiftlint.yml in Resources */,
				BEE9CA2F28CC53E50008204A /* LaunchScreen.storyboard in Resources */,
				BEE9CA2C28CC53E50008204A /* Assets.xcassets in Resources */,
			);
			runOnlyForDeploymentPostprocessing = 0;
		};
/* End PBXResourcesBuildPhase section */

/* Begin PBXShellScriptBuildPhase section */
		1B15EBC7CC67EF10B0FB2FDC /* [CP] Embed Pods Frameworks */ = {
			isa = PBXShellScriptBuildPhase;
			buildActionMask = 2147483647;
			files = (
			);
			inputFileListPaths = (
				"${PODS_ROOT}/Target Support Files/Pods-submission/Pods-submission-frameworks-${CONFIGURATION}-input-files.xcfilelist",
			);
			name = "[CP] Embed Pods Frameworks";
			outputFileListPaths = (
				"${PODS_ROOT}/Target Support Files/Pods-submission/Pods-submission-frameworks-${CONFIGURATION}-output-files.xcfilelist",
			);
			runOnlyForDeploymentPostprocessing = 0;
			shellPath = /bin/sh;
			shellScript = "\"${PODS_ROOT}/Target Support Files/Pods-submission/Pods-submission-frameworks.sh\"\n";
			showEnvVarsInLog = 0;
		};
		85952C522C189D14322C60CB /* [CP] Check Pods Manifest.lock */ = {
			isa = PBXShellScriptBuildPhase;
			buildActionMask = 2147483647;
			files = (
			);
			inputFileListPaths = (
			);
			inputPaths = (
				"${PODS_PODFILE_DIR_PATH}/Podfile.lock",
				"${PODS_ROOT}/Manifest.lock",
			);
			name = "[CP] Check Pods Manifest.lock";
			outputFileListPaths = (
			);
			outputPaths = (
				"$(DERIVED_FILE_DIR)/Pods-submission-checkManifestLockResult.txt",
			);
			runOnlyForDeploymentPostprocessing = 0;
			shellPath = /bin/sh;
			shellScript = "diff \"${PODS_PODFILE_DIR_PATH}/Podfile.lock\" \"${PODS_ROOT}/Manifest.lock\" > /dev/null\nif [ $? != 0 ] ; then\n    # print error to STDERR\n    echo \"error: The sandbox is not in sync with the Podfile.lock. Run 'pod install' or update your CocoaPods installation.\" >&2\n    exit 1\nfi\n# This output is used by Xcode 'outputs' to avoid re-running this script phase.\necho \"SUCCESS\" > \"${SCRIPT_OUTPUT_FILE_0}\"\n";
			showEnvVarsInLog = 0;
		};
		BEB0404C291FE317003B8D35 /* ShellScript */ = {
			isa = PBXShellScriptBuildPhase;
			buildActionMask = 2147483647;
			files = (
			);
			inputFileListPaths = (
			);
			inputPaths = (
			);
			outputFileListPaths = (
			);
			outputPaths = (
			);
			runOnlyForDeploymentPostprocessing = 0;
			shellPath = /bin/sh;
			shellScript = "# Type a script or drag a script file from your workspace to insert its path.\nexport PATH=\"$PATH:/opt/homebrew/bin\"\nif which swiftlint > /dev/null; then\n  swiftlint\nelse\n  echo \"warning: SwiftLint not installed, download from https://github.com/realm/SwiftLint\"\nfi\n";
		};
/* End PBXShellScriptBuildPhase section */

/* Begin PBXSourcesBuildPhase section */
		BEE9CA1B28CC53E40008204A /* Sources */ = {
			isa = PBXSourcesBuildPhase;
			buildActionMask = 2147483647;
			files = (
				BE8ECA802933A1F900BEE494 /* LocalDataSource.swift in Sources */,
				BECBA7EF28CDDCB1007D65C7 /* AboutProtocols.swift in Sources */,
				BE1F61CB28D75470007CF985 /* DetailRouter.swift in Sources */,
				BE1F61C128D5B8BA007CF985 /* DetailViewController.swift in Sources */,
				BE8ECA822933A20A00BEE494 /* RemoteDataSource.swift in Sources */,
				BE4648302913680200C9966C /* TextfieldBottomSheet.swift in Sources */,
				BE1F61C728D5C655007CF985 /* Enums.swift in Sources */,
				BECBA7DC28CDAC21007D65C7 /* BaseResponse.swift in Sources */,
				BECBA7DE28CDAD63007D65C7 /* Game.swift in Sources */,
				BEE17C67294C8FAC0037E8BB /* Mapper.swift in Sources */,
				BE8ECA842933B14800BEE494 /* GameRepository.swift in Sources */,
				BEE17C62294AAD8A0037E8BB /* GameEntity.swift in Sources */,
				BECBA7E828CDC5FF007D65C7 /* HomeTableViewCell.swift in Sources */,
				BECBA7EB28CDDC4E007D65C7 /* AboutViewController.swift in Sources */,
				BECBA7E228CDB593007D65C7 /* HomeInteractor.swift in Sources */,
				BE592F172941E6570092C426 /* Injection.swift in Sources */,
				BEE9CA2328CC53E40008204A /* AppDelegate.swift in Sources */,
				BE1F61C528D5B8F9007CF985 /* DetailProtocols.swift in Sources */,
				BEE9CA2528CC53E40008204A /* SceneDelegate.swift in Sources */,
				BECBA7CE28CDA907007D65C7 /* Constants.swift in Sources */,
				BE464832291368A800C9966C /* Prefs.swift in Sources */,
				BECBA7ED28CDDCA7007D65C7 /* AboutRouter.swift in Sources */,
				BE1F61C328D5B8F0007CF985 /* DetailPresenter.swift in Sources */,
				BEC8156828F93142001400E8 /* GameCoreData.swift in Sources */,
				BECBA7D928CDABA5007D65C7 /* HomeProtocols.swift in Sources */,
				BECBA7E028CDB4FC007D65C7 /* HomeViewController.swift in Sources */,
				BECBA7E628CDB60B007D65C7 /* HomeRouter.swift in Sources */,
				BECBA7E428CDB5B8007D65C7 /* HomePresenter.swift in Sources */,
				BED52D5C28EBE304009899A7 /* GameModel.xcdatamodeld in Sources */,
				BE1F61C928D7545D007CF985 /* DetailInteractor.swift in Sources */,
				BECBA7D028CDA9A6007D65C7 /* BasicViewProtocol.swift in Sources */,
				BECBA7D528CDAA3E007D65C7 /* Extensions.swift in Sources */,
				BE80191828E89E8A00E09EFC /* TabBar.swift in Sources */,
				BE46482D291268DB00C9966C /* FavoriteButton.swift in Sources */,
				BEE17C65294C78EF0037E8BB /* GameModel.swift in Sources */,
			);
			runOnlyForDeploymentPostprocessing = 0;
		};
/* End PBXSourcesBuildPhase section */

/* Begin PBXVariantGroup section */
		BEE9CA2D28CC53E50008204A /* LaunchScreen.storyboard */ = {
			isa = PBXVariantGroup;
			children = (
				BEE9CA2E28CC53E50008204A /* Base */,
			);
			name = LaunchScreen.storyboard;
			sourceTree = "<group>";
		};
/* End PBXVariantGroup section */

/* Begin XCBuildConfiguration section */
		BEE9CA3128CC53E50008204A /* Debug */ = {
			isa = XCBuildConfiguration;
			buildSettings = {
				ALWAYS_SEARCH_USER_PATHS = NO;
				CLANG_ANALYZER_NONNULL = YES;
				CLANG_ANALYZER_NUMBER_OBJECT_CONVERSION = YES_AGGRESSIVE;
				CLANG_CXX_LANGUAGE_STANDARD = "gnu++17";
				CLANG_ENABLE_MODULES = YES;
				CLANG_ENABLE_OBJC_ARC = YES;
				CLANG_ENABLE_OBJC_WEAK = YES;
				CLANG_WARN_BLOCK_CAPTURE_AUTORELEASING = YES;
				CLANG_WARN_BOOL_CONVERSION = YES;
				CLANG_WARN_COMMA = YES;
				CLANG_WARN_CONSTANT_CONVERSION = YES;
				CLANG_WARN_DEPRECATED_OBJC_IMPLEMENTATIONS = YES;
				CLANG_WARN_DIRECT_OBJC_ISA_USAGE = YES_ERROR;
				CLANG_WARN_DOCUMENTATION_COMMENTS = YES;
				CLANG_WARN_EMPTY_BODY = YES;
				CLANG_WARN_ENUM_CONVERSION = YES;
				CLANG_WARN_INFINITE_RECURSION = YES;
				CLANG_WARN_INT_CONVERSION = YES;
				CLANG_WARN_NON_LITERAL_NULL_CONVERSION = YES;
				CLANG_WARN_OBJC_IMPLICIT_RETAIN_SELF = YES;
				CLANG_WARN_OBJC_LITERAL_CONVERSION = YES;
				CLANG_WARN_OBJC_ROOT_CLASS = YES_ERROR;
				CLANG_WARN_QUOTED_INCLUDE_IN_FRAMEWORK_HEADER = YES;
				CLANG_WARN_RANGE_LOOP_ANALYSIS = YES;
				CLANG_WARN_STRICT_PROTOTYPES = YES;
				CLANG_WARN_SUSPICIOUS_MOVE = YES;
				CLANG_WARN_UNGUARDED_AVAILABILITY = YES_AGGRESSIVE;
				CLANG_WARN_UNREACHABLE_CODE = YES;
				CLANG_WARN__DUPLICATE_METHOD_MATCH = YES;
				COPY_PHASE_STRIP = NO;
				DEBUG_INFORMATION_FORMAT = dwarf;
				ENABLE_STRICT_OBJC_MSGSEND = YES;
				ENABLE_TESTABILITY = YES;
				GCC_C_LANGUAGE_STANDARD = gnu11;
				GCC_DYNAMIC_NO_PIC = NO;
				GCC_NO_COMMON_BLOCKS = YES;
				GCC_OPTIMIZATION_LEVEL = 0;
				GCC_PREPROCESSOR_DEFINITIONS = (
					"DEBUG=1",
					"$(inherited)",
				);
				GCC_WARN_64_TO_32_BIT_CONVERSION = YES;
				GCC_WARN_ABOUT_RETURN_TYPE = YES_ERROR;
				GCC_WARN_UNDECLARED_SELECTOR = YES;
				GCC_WARN_UNINITIALIZED_AUTOS = YES_AGGRESSIVE;
				GCC_WARN_UNUSED_FUNCTION = YES;
				GCC_WARN_UNUSED_VARIABLE = YES;
				IPHONEOS_DEPLOYMENT_TARGET = 13.0;
				MTL_ENABLE_DEBUG_INFO = INCLUDE_SOURCE;
				MTL_FAST_MATH = YES;
				ONLY_ACTIVE_ARCH = YES;
				SDKROOT = iphoneos;
				SWIFT_ACTIVE_COMPILATION_CONDITIONS = DEBUG;
				SWIFT_OPTIMIZATION_LEVEL = "-Onone";
			};
			name = Debug;
		};
		BEE9CA3228CC53E50008204A /* Release */ = {
			isa = XCBuildConfiguration;
			buildSettings = {
				ALWAYS_SEARCH_USER_PATHS = NO;
				CLANG_ANALYZER_NONNULL = YES;
				CLANG_ANALYZER_NUMBER_OBJECT_CONVERSION = YES_AGGRESSIVE;
				CLANG_CXX_LANGUAGE_STANDARD = "gnu++17";
				CLANG_ENABLE_MODULES = YES;
				CLANG_ENABLE_OBJC_ARC = YES;
				CLANG_ENABLE_OBJC_WEAK = YES;
				CLANG_WARN_BLOCK_CAPTURE_AUTORELEASING = YES;
				CLANG_WARN_BOOL_CONVERSION = YES;
				CLANG_WARN_COMMA = YES;
				CLANG_WARN_CONSTANT_CONVERSION = YES;
				CLANG_WARN_DEPRECATED_OBJC_IMPLEMENTATIONS = YES;
				CLANG_WARN_DIRECT_OBJC_ISA_USAGE = YES_ERROR;
				CLANG_WARN_DOCUMENTATION_COMMENTS = YES;
				CLANG_WARN_EMPTY_BODY = YES;
				CLANG_WARN_ENUM_CONVERSION = YES;
				CLANG_WARN_INFINITE_RECURSION = YES;
				CLANG_WARN_INT_CONVERSION = YES;
				CLANG_WARN_NON_LITERAL_NULL_CONVERSION = YES;
				CLANG_WARN_OBJC_IMPLICIT_RETAIN_SELF = YES;
				CLANG_WARN_OBJC_LITERAL_CONVERSION = YES;
				CLANG_WARN_OBJC_ROOT_CLASS = YES_ERROR;
				CLANG_WARN_QUOTED_INCLUDE_IN_FRAMEWORK_HEADER = YES;
				CLANG_WARN_RANGE_LOOP_ANALYSIS = YES;
				CLANG_WARN_STRICT_PROTOTYPES = YES;
				CLANG_WARN_SUSPICIOUS_MOVE = YES;
				CLANG_WARN_UNGUARDED_AVAILABILITY = YES_AGGRESSIVE;
				CLANG_WARN_UNREACHABLE_CODE = YES;
				CLANG_WARN__DUPLICATE_METHOD_MATCH = YES;
				COPY_PHASE_STRIP = NO;
				DEBUG_INFORMATION_FORMAT = "dwarf-with-dsym";
				ENABLE_NS_ASSERTIONS = NO;
				ENABLE_STRICT_OBJC_MSGSEND = YES;
				GCC_C_LANGUAGE_STANDARD = gnu11;
				GCC_NO_COMMON_BLOCKS = YES;
				GCC_WARN_64_TO_32_BIT_CONVERSION = YES;
				GCC_WARN_ABOUT_RETURN_TYPE = YES_ERROR;
				GCC_WARN_UNDECLARED_SELECTOR = YES;
				GCC_WARN_UNINITIALIZED_AUTOS = YES_AGGRESSIVE;
				GCC_WARN_UNUSED_FUNCTION = YES;
				GCC_WARN_UNUSED_VARIABLE = YES;
				IPHONEOS_DEPLOYMENT_TARGET = 13.0;
				MTL_ENABLE_DEBUG_INFO = NO;
				MTL_FAST_MATH = YES;
				SDKROOT = iphoneos;
				SWIFT_COMPILATION_MODE = wholemodule;
				SWIFT_OPTIMIZATION_LEVEL = "-O";
				VALIDATE_PRODUCT = YES;
			};
			name = Release;
		};
		BEE9CA3428CC53E50008204A /* Debug */ = {
			isa = XCBuildConfiguration;
			baseConfigurationReference = BDEF403B89D89545CA5F5F51 /* Pods-submission.debug.xcconfig */;
			buildSettings = {
				ASSETCATALOG_COMPILER_APPICON_NAME = AppIcon;
				ASSETCATALOG_COMPILER_GLOBAL_ACCENT_COLOR_NAME = AccentColor;
				CODE_SIGN_STYLE = Automatic;
				CURRENT_PROJECT_VERSION = 1;
				DEVELOPMENT_TEAM = CRTWBB8VU3;
				GENERATE_INFOPLIST_FILE = YES;
				INFOPLIST_FILE = submission/Info.plist;
				INFOPLIST_KEY_CFBundleDisplayName = Submission;
				INFOPLIST_KEY_UIApplicationSupportsIndirectInputEvents = YES;
				INFOPLIST_KEY_UILaunchStoryboardName = LaunchScreen;
				INFOPLIST_KEY_UISupportedInterfaceOrientations = UIInterfaceOrientationPortrait;
				INFOPLIST_KEY_UISupportedInterfaceOrientations_iPhone = UIInterfaceOrientationPortrait;
				INFOPLIST_KEY_UIUserInterfaceStyle = Light;
				LD_RUNPATH_SEARCH_PATHS = (
					"$(inherited)",
					"@executable_path/Frameworks",
				);
				MARKETING_VERSION = 1.0;
				PRODUCT_BUNDLE_IDENTIFIER = id.aderesie.submission;
				PRODUCT_NAME = "$(TARGET_NAME)";
				SWIFT_EMIT_LOC_STRINGS = YES;
				SWIFT_VERSION = 5.0;
				TARGETED_DEVICE_FAMILY = 1;
			};
			name = Debug;
		};
		BEE9CA3528CC53E50008204A /* Release */ = {
			isa = XCBuildConfiguration;
			baseConfigurationReference = 75809ED35862DA053234F33F /* Pods-submission.release.xcconfig */;
			buildSettings = {
				ASSETCATALOG_COMPILER_APPICON_NAME = AppIcon;
				ASSETCATALOG_COMPILER_GLOBAL_ACCENT_COLOR_NAME = AccentColor;
				CODE_SIGN_STYLE = Automatic;
				CURRENT_PROJECT_VERSION = 1;
				DEVELOPMENT_TEAM = CRTWBB8VU3;
				GENERATE_INFOPLIST_FILE = YES;
				INFOPLIST_FILE = submission/Info.plist;
				INFOPLIST_KEY_CFBundleDisplayName = Submission;
				INFOPLIST_KEY_UIApplicationSupportsIndirectInputEvents = YES;
				INFOPLIST_KEY_UILaunchStoryboardName = LaunchScreen;
				INFOPLIST_KEY_UISupportedInterfaceOrientations = UIInterfaceOrientationPortrait;
				INFOPLIST_KEY_UISupportedInterfaceOrientations_iPhone = UIInterfaceOrientationPortrait;
				INFOPLIST_KEY_UIUserInterfaceStyle = Light;
				LD_RUNPATH_SEARCH_PATHS = (
					"$(inherited)",
					"@executable_path/Frameworks",
				);
				MARKETING_VERSION = 1.0;
				PRODUCT_BUNDLE_IDENTIFIER = id.aderesie.submission;
				PRODUCT_NAME = "$(TARGET_NAME)";
				SWIFT_EMIT_LOC_STRINGS = YES;
				SWIFT_VERSION = 5.0;
				TARGETED_DEVICE_FAMILY = 1;
			};
			name = Release;
		};
/* End XCBuildConfiguration section */

/* Begin XCConfigurationList section */
		BEE9CA1A28CC53E40008204A /* Build configuration list for PBXProject "submission" */ = {
			isa = XCConfigurationList;
			buildConfigurations = (
				BEE9CA3128CC53E50008204A /* Debug */,
				BEE9CA3228CC53E50008204A /* Release */,
			);
			defaultConfigurationIsVisible = 0;
			defaultConfigurationName = Release;
		};
		BEE9CA3328CC53E50008204A /* Build configuration list for PBXNativeTarget "submission" */ = {
			isa = XCConfigurationList;
			buildConfigurations = (
				BEE9CA3428CC53E50008204A /* Debug */,
				BEE9CA3528CC53E50008204A /* Release */,
			);
			defaultConfigurationIsVisible = 0;
			defaultConfigurationName = Release;
		};
/* End XCConfigurationList section */

/* Begin XCVersionGroup section */
		BED52D5A28EBE304009899A7 /* GameModel.xcdatamodeld */ = {
			isa = XCVersionGroup;
			children = (
				BED52D5B28EBE304009899A7 /* Game.xcdatamodel */,
			);
			currentVersion = BED52D5B28EBE304009899A7 /* Game.xcdatamodel */;
			path = GameModel.xcdatamodeld;
			sourceTree = "<group>";
			versionGroupType = wrapper.xcdatamodel;
		};
/* End XCVersionGroup section */
	};
	rootObject = BEE9CA1728CC53E40008204A /* Project object */;
}
